
Microsoft Visual Studio Solution File, Format Version 12.00
# Visual Studio Version 16
VisualStudioVersion = 16.0.29001.49
MinimumVisualStudioVersion = 10.0.40219.1
Project("{FAE04EC0-301F-11D3-BF4B-00C04F79EFBC}") = "ExemploDatetime", "ExemploDatetime\ExemploDatetime.csproj", "{C35FDA07-E039-4243-B330-4B2B5207A429}"
EndProject
Global
	GlobalSection(SolutionConfigurationPlatforms) = preSolution
		Debug|Any CPU = Debug|Any CPU
		Release|Any CPU = Release|Any CPU
	EndGlobalSection
	GlobalSection(ProjectConfigurationPlatforms) = postSolution
		{C35FDA07-E039-4243-B330-4B2B5207A429}.Debug|Any CPU.ActiveCfg = Debug|Any CPU
		{C35FDA07-E039-4243-B330-4B2B5207A429}.Debug|Any CPU.Build.0 = Debug|Any CPU
		{C35FDA07-E039-4243-B330-4B2B5207A429}.Release|Any CPU.ActiveCfg = Release|Any CPU
		{C35FDA07-E039-4243-B330-4B2B5207A429}.Release|Any CPU.Build.0 = Release|Any CPU
	EndGlobalSection
	GlobalSection(SolutionProperties) = preSolution
		HideSolutionNode = FALSE
	EndGlobalSection
	GlobalSection(ExtensibilityGlobals) = postSolution
		SolutionGuid = {5F29A64F-060E-4D67-9EB5-C3A0E5EC3D8E}
	EndGlobalSection
EndGlobal
